# THIS IS AN AUTOGENERATED FILE. DO NOT EDIT THIS FILE DIRECTLY.
# yarn lockfile v1


argparse@^2.0.1:
  version "2.0.1"
  resolved "https://registry.yarnpkg.com/argparse/-/argparse-2.0.1.tgz#246f50f3ca78a3240f6c997e8a9bd1eac49e4b38"
  integrity sha512-8+9WqebbFzpX9OR+Wa6O29asIogeRMzcGtAINdpMHHyAg10f05aSFVBbcEqGf/PXw1EjAZ+q2/bEBg3DvurK3Q==

"argparse@~ 0.1.11", "argparse@~ 0.1.7":
  version "0.1.16"
  resolved "https://registry.yarnpkg.com/argparse/-/argparse-0.1.16.tgz#cfd01e0fbba3d6caed049fbd758d40f65196f57c"
  integrity sha1-z9AeD7uj1srtBJ+9dY1A9lGW9Xw=
  dependencies:
    underscore "~1.7.0"
    underscore.string "~2.4.0"

"async@~ 0.2.9":
  version "0.2.10"
  resolved "https://registry.yarnpkg.com/async/-/async-0.2.10.tgz#b6bbe0b0674b9d719708ca38de8c237cb526c3d1"
  integrity sha1-trvgsGdLnXGXCMo43owjfLUmw9E=

coa@~0.3.7:
  version "0.3.9"
  resolved "https://registry.yarnpkg.com/coa/-/coa-0.3.9.tgz#7e3d20d30af70b80862e95d4d49b715183be9604"
  integrity sha1-fj0g0wr3C4CGLpXU1JtxUYO+lgQ=
  dependencies:
    q "~0.8.10"

colors@~0.6.0:
  version "0.6.2"
  resolved "https://registry.yarnpkg.com/colors/-/colors-0.6.2.tgz#2423fe6678ac0c5dae8852e5d0e5be08c997abcc"
  integrity sha1-JCP+ZnisDF2uiFLl0OW+CMmXq8w=

"esprima@~ 1.0.2":
  version "1.0.4"
  resolved "https://registry.yarnpkg.com/esprima/-/esprima-1.0.4.tgz#9f557e08fc3b4d26ece9dd34f8fbf476b62585ad"
  integrity sha1-n1V+CPw7TSbs6d00+Pv0drYlha0=

"fs-tools@~ 0.2.6":
  version "0.2.11"
  resolved "https://registry.yarnpkg.com/fs-tools/-/fs-tools-0.2.11.tgz#64a6339119f8da687be4d1fdbda37ee0f88e644c"
  integrity sha1-ZKYzkRn42mh75NH9vaN+4PiOZEw=
  dependencies:
    async "~ 0.2.9"
    lodash "~ 2.4.1"

js-yaml@:
  version "4.1.0"
  resolved "https://registry.yarnpkg.com/js-yaml/-/js-yaml-4.1.0.tgz#c1fb65f8f5017901cdd2c951864ba18458a10602"
  integrity sha512-wpxZs9NoxZaJESJGIZTyDEaYpl0FKSA+FB9aJiyemKhMwkxQg63h4T1KJgUGHpTqPDNRcmmYLugrRjJlBtWvRA==
  dependencies:
    argparse "^2.0.1"

"js-yaml@~ 2.0.5":
  version "2.0.5"
  resolved "https://registry.yarnpkg.com/js-yaml/-/js-yaml-2.0.5.tgz#a25ae6509999e97df278c6719da11bd0687743a8"
  integrity sha1-olrmUJmZ6X3yeMZxnaEb0Gh3Q6g=
  dependencies:
    argparse "~ 0.1.11"
    esprima "~ 1.0.2"

"lodash@~ 1.2.1":
  version "1.2.1"
  resolved "https://registry.yarnpkg.com/lodash/-/lodash-1.2.1.tgz#ed47b16e46f06b2b40309b68e9163c17e93ea304"
  integrity sha1-7UexbkbwaytAMJto6RY8F+k+owQ=

"lodash@~ 2.4.1":
  version "2.4.2"
  resolved "https://registry.yarnpkg.com/lodash/-/lodash-2.4.2.tgz#fadd834b9683073da179b3eae6d9c0d15053f73e"
  integrity sha1-+t2DS5aDBz2hebPq5tnA0VBT9z4=

q@~0.8.10:
  version "0.8.12"
  resolved "https://registry.yarnpkg.com/q/-/q-0.8.12.tgz#9162a91e11819c4bcda7da15cf5fefaad0778823"
  integrity sha1-kWKpHhGBnEvNp9oVz1/vqtB3iCM=

sax@~0.5.0:
  version "0.5.8"
  resolved "https://registry.yarnpkg.com/sax/-/sax-0.5.8.tgz#d472db228eb331c2506b0e8c15524adb939d12c1"
  integrity sha1-1HLbIo6zMcJQaw6MFVJK25OdEsE=

svg-font-create@^0.0.5:
  version "0.0.5"
  resolved "https://registry.yarnpkg.com/svg-font-create/-/svg-font-create-0.0.5.tgz#cc8e2cece85eabc9d260f4c7de77dcb28f94eef0"
  integrity sha1-zI4s7Oheq8nSYPTH3nfcso+U7vA=
  dependencies:
    argparse "~ 0.1.7"
    fs-tools "~ 0.2.6"
    js-yaml "~ 2.0.5"
    lodash "~ 1.2.1"
    svgo "~ 0.3.2"
    xmldom "~ 0.1.5"

svg-font-dump@^0.1.0:
  version "0.1.0"
  resolved "https://registry.yarnpkg.com/svg-font-dump/-/svg-font-dump-0.1.0.tgz#318711d0612451ee0d576eaaf9eba775342bf34f"
  integrity sha1-MYcR0GEkUe4NV26q+eundTQr808=
  dependencies:
    argparse "~ 0.1.7"
    fs-tools "~ 0.2.6"
    js-yaml "~ 2.0.5"
    lodash "~ 1.2.1"
    svgpath "~ 1.0.1"
    xmldom "~ 0.1.5"

"svgo@~ 0.3.2":
  version "0.3.7"
  resolved "https://registry.yarnpkg.com/svgo/-/svgo-0.3.7.tgz#18e6bbfd9f70b84b5fe88e6656d84402c71ae7a0"
  integrity sha1-GOa7/Z9wuEtf6I5mVthEAsca56A=
  dependencies:
    coa "~0.3.7"
    colors "~0.6.0"
    js-yaml ""
    sax "~0.5.0"
    whet.extend ""

"svgpath@~ 1.0.1":
  version "1.0.7"
  resolved "https://registry.yarnpkg.com/svgpath/-/svgpath-1.0.7.tgz#e554212b87e5d0469141a284c020c87f5c9a4ed0"
  integrity sha1-5VQhK4fl0EaRQaKEwCDIf1yaTtA=

underscore.string@~2.4.0:
  version "2.4.0"
  resolved "https://registry.yarnpkg.com/underscore.string/-/underscore.string-2.4.0.tgz#8cdd8fbac4e2d2ea1e7e2e8097c42f442280f85b"
  integrity sha1-jN2PusTi0uoefi6Al8QvRCKA+Fs=

underscore@~1.7.0:
  version "1.7.0"
  resolved "https://registry.yarnpkg.com/underscore/-/underscore-1.7.0.tgz#6bbaf0877500d36be34ecaa584e0db9fef035209"
  integrity sha1-a7rwh3UA02vjTsqlhODbn+8DUgk=

whet.extend@:
  version "0.9.9"
  resolved "https://registry.yarnpkg.com/whet.extend/-/whet.extend-0.9.9.tgz#f877d5bf648c97e5aa542fadc16d6a259b9c11a1"
  integrity sha1-+HfVv2SMl+WqVC+twW1qJZucEaE=

"xmldom@~ 0.1.5":
  version "0.1.31"
  resolved "https://registry.yarnpkg.com/xmldom/-/xmldom-0.1.31.tgz#b76c9a1bd9f0a9737e5a72dc37231cf38375e2ff"
  integrity sha512-yS2uJflVQs6n+CyjHoaBmVSqIDevTAWrzMmjG1Gc7h1qQ7uVozNhEPJAwZXWyGQ/Gafo3fCwrcaokezLPupVyQ==
